// !$*UTF8*$!
{
	archiveVersion = 1;
	classes = {
	};
	objectVersion = 46;
	objects = {

/* Begin PBXBuildFile section */
		22B3522D1DC21F4700BA948F /* AppDelegate.swift in Sources */ = {isa = PBXBuildFile; fileRef = 22B3522C1DC21F4700BA948F /* AppDelegate.swift */; };
		22B3522F1DC21F4700BA948F /* ViewController.swift in Sources */ = {isa = PBXBuildFile; fileRef = 22B3522E1DC21F4700BA948F /* ViewController.swift */; };
		22B352321DC21F4700BA948F /* Main.storyboard in Resources */ = {isa = PBXBuildFile; fileRef = 22B352301DC21F4700BA948F /* Main.storyboard */; };
		22B352341DC21F4700BA948F /* Assets.xcassets in Resources */ = {isa = PBXBuildFile; fileRef = 22B352331DC21F4700BA948F /* Assets.xcassets */; };
		22B352371DC21F4700BA948F /* LaunchScreen.storyboard in Resources */ = {isa = PBXBuildFile; fileRef = 22B352351DC21F4700BA948F /* LaunchScreen.storyboard */; };
/* End PBXBuildFile section */

/* Begin PBXFileReference section */
		22B352291DC21F4700BA948F /* CheckingXcode.app */ = {isa = PBXFileReference; explicitFileType = wrapper.application; includeInIndex = 0; path = CheckingXcode.app; sourceTree = BUILT_PRODUCTS_DIR; };
		22B3522C1DC21F4700BA948F /* AppDelegate.swift */ = {isa = PBXFileReference; lastKnownFileType = sourcecode.swift; path = AppDelegate.swift; sourceTree = "<group>"; };
		22B3522E1DC21F4700BA948F /* ViewController.swift */ = {isa = PBXFileReference; lastKnownFileType = sourcecode.swift; path = ViewController.swift; sourceTree = "<group>"; };
		22B352311DC21F4700BA948F /* Base */ = {isa = PBXFileReference; lastKnownFileType = file.storyboard; name = Base; path = Base.lproj/Main.storyboard; sourceTree = "<group>"; };
		22B352331DC21F4700BA948F /* Assets.xcassets */ = {isa = PBXFileReference; lastKnownFileType = folder.assetcatalog; path = Assets.xcassets; sourceTree = "<group>"; };
		22B352361DC21F4700BA948F /* Base */ = {isa = PBXFileReference; lastKnownFileType = file.storyboard; name = Base; path = Base.lproj/LaunchScreen.storyboard; sourceTree = "<group>"; };
		22B352381DC21F4700BA948F /* Info.plist */ = {isa = PBXFileReference; lastKnownFileType = text.plist.xml; path = Info.plist; sourceTree = "<group>"; };
/* End PBXFileReference section */

/* Begin PBXFrameworksBuildPhase section */
		22B352261DC21F4700BA948F /* Frameworks */ = {
			isa = PBXFrameworksBuildPhase;
			buildActionMask = 2147483647;
			files = (
			);
			runOnlyForDeploymentPostprocessing = 0;
		};
/* End PBXFrameworksBuildPhase section */

/* Begin PBXGroup section */
		22B352201DC21F4600BA948F = {
			isa = PBXGroup;
			children = (
				22B3522B1DC21F4700BA948F /* CheckingXcode */,
				22B3522A1DC21F4700BA948F /* Products */,
			);
			sourceTree = "<group>";
		};
		22B3522A1DC21F4700BA948F /* Products */ = {
			isa = PBXGroup;
			children = (
				22B352291DC21F4700BA948F /* CheckingXcode.app */,
			);
			name = Products;
			sourceTree = "<group>";
		};
		22B3522B1DC21F4700BA948F /* CheckingXcode */ = {
			isa = PBXGroup;
			children = (
				22B3522C1DC21F4700BA948F /* AppDelegate.swift */,
				22B3522E1DC21F4700BA948F /* ViewController.swift */,
				22B352301DC21F4700BA948F /* Main.storyboard */,
				22B352331DC21F4700BA948F /* Assets.xcassets */,
				22B352351DC21F4700BA948F /* LaunchScreen.storyboard */,
				22B352381DC21F4700BA948F /* Info.plist */,
			);
			path = CheckingXcode;
			sourceTree = "<group>";
		};
/* End PBXGroup section */

/* Begin PBXNativeTarget section */
		22B352281DC21F4700BA948F /* CheckingXcode */ = {
			isa = PBXNativeTarget;
			buildConfigurationList = 22B3523B1DC21F4700BA948F /* Build configuration list for PBXNativeTarget "CheckingXcode" */;
			buildPhases = (
				22B352251DC21F4700BA948F /* Sources */,
				22B352261DC21F4700BA948F /* Frameworks */,
				22B352271DC21F4700BA948F /* Resources */,
			);
			buildRules = (
			);
			dependencies = (
			);
			name = CheckingXcode;
			productName = CheckingXcode;
			productReference = 22B352291DC21F4700BA948F /* CheckingXcode.app */;
			productType = "com.apple.product-type.application";
		};
/* End PBXNativeTarget section */

/* Begin PBXProject section */
		22B352211DC21F4700BA948F /* Project object */ = {
			isa = PBXProject;
			attributes = {
				LastSwiftUpdateCheck = 0800;
				LastUpgradeCheck = 0800;
				ORGANIZATIONNAME = NebulaSoftware;
				TargetAttributes = {
					22B352281DC21F4700BA948F = {
						CreatedOnToolsVersion = 8.0;
						DevelopmentTeam = YYXYJFRN78;
						ProvisioningStyle = Automatic;
					};
				};
			};
			buildConfigurationList = 22B352241DC21F4700BA948F /* Build configuration list for PBXProject "CheckingXcode" */;
			compatibilityVersion = "Xcode 3.2";
			developmentRegion = English;
			hasScannedForEncodings = 0;
			knownRegions = (
				en,
				Base,
			);
			mainGroup = 22B352201DC21F4600BA948F;
			productRefGroup = 22B3522A1DC21F4700BA948F /* Products */;
			projectDirPath = "";
			projectRoot = "";
			targets = (
				22B352281DC21F4700BA948F /* CheckingXcode */,
			);
		};
/* End PBXProject section */

/* Begin PBXResourcesBuildPhase section */
		22B352271DC21F4700BA948F /* Resources */ = {
			isa = PBXResourcesBuildPhase;
			buildActionMask = 2147483647;
			files = (
				22B352371DC21F4700BA948F /* LaunchScreen.storyboard in Resources */,
				22B352341DC21F4700BA948F /* Assets.xcassets in Resources */,
				22B352321DC21F4700BA948F /* Main.storyboard in Resources */,
			);
			runOnlyForDeploymentPostprocessing = 0;
		};
/* End PBXResourcesBuildPhase section */

/* Begin PBXSourcesBuildPhase section */
		22B352251DC21F4700BA948F /* Sources */ = {
			isa = PBXSourcesBuildPhase;
			buildActionMask = 2147483647;
			files = (
				22B3522F1DC21F4700BA948F /* ViewController.swift in Sources */,
				22B3522D1DC21F4700BA948F /* AppDelegate.swift in Sources */,
			);
			runOnlyForDeploymentPostprocessing = 0;
		};
/* End PBXSourcesBuildPhase section */

/* Begin PBXVariantGroup section */
		22B352301DC21F4700BA948F /* Main.storyboard */ = {
			isa = PBXVariantGroup;
			children = (
				22B352311DC21F4700BA948F /* Base */,
			);
			name = Main.storyboard;
			sourceTree = "<group>";
		};
		22B352351DC21F4700BA948F /* LaunchScreen.storyboard */ = {
			isa = PBXVariantGroup;
			children = (
				22B352361DC21F4700BA948F /* Base */,
			);
			name = LaunchScreen.storyboard;
			sourceTree = "<group>";
		};
/* End PBXVariantGroup section */

/* Begin XCBuildConfiguration section */
		22B352391DC21F4700BA948F /* Debug */ = {
			isa = XCBuildConfiguration;
			buildSettings = {
				ALWAYS_SEARCH_USER_PATHS = NO;
				CLANG_ANALYZER_NONNULL = YES;
				CLANG_CXX_LANGUAGE_STANDARD = "gnu++0x";
				CLANG_CXX_LIBRARY = "libc++";
				CLANG_ENABLE_MODULES = YES;
				CLANG_ENABLE_OBJC_ARC = YES;
				CLANG_WARN_BOOL_CONVERSION = YES;
				CLANG_WARN_CONSTANT_CONVERSION = YES;
				CLANG_WARN_DIRECT_OBJC_ISA_USAGE = YES_ERROR;
				CLANG_WARN_DOCUMENTATION_COMMENTS = YES;
				CLANG_WARN_EMPTY_BODY = YES;
				CLANG_WARN_ENUM_CONVERSION = YES;
				CLANG_WARN_INFINITE_RECURSION = YES;
				CLANG_WARN_INT_CONVERSION = YES;
				CLANG_WARN_OBJC_ROOT_CLASS = YES_ERROR;
				CLANG_WARN_SUSPICIOUS_MOVES = YES;
				CLANG_WARN_UNREACHABLE_CODE = YES;
				CLANG_WARN__DUPLICATE_METHOD_MATCH = YES;
				"CODE_SIGN_IDENTITY[sdk=iphoneos*]" = "iPhone Developer";
				COPY_PHASE_STRIP = NO;
				DEBUG_INFORMATION_FORMAT = dwarf;
				ENABLE_STRICT_OBJC_MSGSEND = YES;
				ENABLE_TESTABILITY = YES;
				GCC_C_LANGUAGE_STANDARD = gnu99;
				GCC_DYNAMIC_NO_PIC = NO;
				GCC_NO_COMMON_BLOCKS = YES;
				GCC_OPTIMIZATION_LEVEL = 0;
				GCC_PREPROCESSOR_DEFINITIONS = (
					"DEBUG=1",
					"$(inherited)",
				);
				GCC_WARN_64_TO_32_BIT_CONVERSION = YES;
				GCC_WARN_ABOUT_RETURN_TYPE = YES_ERROR;
				GCC_WARN_UNDECLARED_SELECTOR = YES;
				GCC_WARN_UNINITIALIZED_AUTOS = YES_AGGRESSIVE;
				GCC_WARN_UNUSED_FUNCTION = YES;
				GCC_WARN_UNUSED_VARIABLE = YES;
				IPHONEOS_DEPLOYMENT_TARGET = 10.0;
				MTL_ENABLE_DEBUG_INFO = YES;
				ONLY_ACTIVE_ARCH = YES;
				SDKROOT = iphoneos;
				SWIFT_ACTIVE_COMPILATION_CONDITIONS = DEBUG;
				SWIFT_OPTIMIZATION_LEVEL = "-Onone";
				TARGETED_DEVICE_FAMILY = "1,2";
			};
			name = Debug;
		};
		22B3523A1DC21F4700BA948F /* Release */ = {
			isa = XCBuildConfiguration;
			buildSettings = {
				ALWAYS_SEARCH_USER_PATHS = NO;
				CLANG_ANALYZER_NONNULL = YES;
				CLANG_CXX_LANGUAGE_STANDARD = "gnu++0x";
				CLANG_CXX_LIBRARY = "libc++";
				CLANG_ENABLE_MODULES = YES;
				CLANG_ENABLE_OBJC_ARC = YES;
				CLANG_WARN_BOOL_CONVERSION = YES;
				CLANG_WARN_CONSTANT_CONVERSION = YES;
				CLANG_WARN_DIRECT_OBJC_ISA_USAGE = YES_ERROR;
				CLANG_WARN_DOCUMENTATION_COMMENTS = YES;
				CLANG_WARN_EMPTY_BODY = YES;
				CLANG_WARN_ENUM_CONVERSION = YES;
				CLANG_WARN_INFINITE_RECURSION = YES;
				CLANG_WARN_INT_CONVERSION = YES;
				CLANG_WARN_OBJC_ROOT_CLASS = YES_ERROR;
				CLANG_WARN_SUSPICIOUS_MOVES = YES;
				CLANG_WARN_UNREACHABLE_CODE = YES;
				CLANG_WARN__DUPLICATE_METHOD_MATCH = YES;
				"CODE_SIGN_IDENTITY[sdk=iphoneos*]" = "iPhone Developer";
				COPY_PHASE_STRIP = NO;
				DEBUG_INFORMATION_FORMAT = "dwarf-with-dsym";
				ENABLE_NS_ASSERTIONS = NO;
				ENABLE_STRICT_OBJC_MSGSEND = YES;
				GCC_C_LANGUAGE_STANDARD = gnu99;
				GCC_NO_COMMON_BLOCKS = YES;
				GCC_WARN_64_TO_32_BIT_CONVERSION = YES;
				GCC_WARN_ABOUT_RETURN_TYPE = YES_ERROR;
				GCC_WARN_UNDECLARED_SELECTOR = YES;
				GCC_WARN_UNINITIALIZED_AUTOS = YES_AGGRESSIVE;
				GCC_WARN_UNUSED_FUNCTION = YES;
				GCC_WARN_UNUSED_VARIABLE = YES;
				IPHONEOS_DEPLOYMENT_TARGET = 10.0;
				MTL_ENABLE_DEBUG_INFO = NO;
				SDKROOT = iphoneos;
				SWIFT_OPTIMIZATION_LEVEL = "-Owholemodule";
				TARGETED_DEVICE_FAMILY = "1,2";
				VALIDATE_PRODUCT = YES;
			};
			name = Release;
		};
		22B3523C1DC21F4700BA948F /* Debug */ = {
			isa = XCBuildConfiguration;
			buildSettings = {
				ASSETCATALOG_COMPILER_APPICON_NAME = AppIcon;
				DEVELOPMENT_TEAM = YYXYJFRN78;
				INFOPLIST_FILE = CheckingXcode/Info.plist;
				LD_RUNPATH_SEARCH_PATHS = "$(inherited) @executable_path/Frameworks";
				PRODUCT_BUNDLE_IDENTIFIER = com.nebulasoftware.CheckingXcode;
				PRODUCT_NAME = "$(TARGET_NAME)";
				SWIFT_VERSION = 3.0;
			};
			name = Debug;
		};
		22B3523D1DC21F4700BA948F /* Release */ = {
			isa = XCBuildConfiguration;
			buildSettings = {
				ASSETCATALOG_COMPILER_APPICON_NAME = AppIcon;
				DEVELOPMENT_TEAM = YYXYJFRN78;
				INFOPLIST_FILE = CheckingXcode/Info.plist;
				LD_RUNPATH_SEARCH_PATHS = "$(inherited) @executable_path/Frameworks";
				PRODUCT_BUNDLE_IDENTIFIER = com.nebulasoftware.CheckingXcode;
				PRODUCT_NAME = "$(TARGET_NAME)";
				SWIFT_VERSION = 3.0;
			};
			name = Release;
		};
/* End XCBuildConfiguration section */

/* Begin XCConfigurationList section */
		22B352241DC21F4700BA948F /* Build configuration list for PBXProject "CheckingXcode" */ = {
			isa = XCConfigurationList;
			buildConfigurations = (
				22B352391DC21F4700BA948F /* Debug */,
				22B3523A1DC21F4700BA948F /* Release */,
			);
			defaultConfigurationIsVisible = 0;
			defaultConfigurationName = Release;
		};
		22B3523B1DC21F4700BA948F /* Build configuration list for PBXNativeTarget "CheckingXcode" */ = {
			isa = XCConfigurationList;
			buildConfigurations = (
				22B3523C1DC21F4700BA948F /* Debug */,
				22B3523D1DC21F4700BA948F /* Release */,
			);
			defaultConfigurationIsVisible = 0;
		};
/* End XCConfigurationList section */
	};
	rootObject = 22B352211DC21F4700BA948F /* Project object */;
}
